
Microsoft Visual Studio Solution File, Format Version 12.00
# Visual Studio Version 17
VisualStudioVersion = 17.12.35209.166
MinimumVisualStudioVersion = 10.0.40219.1
Project("{FAE04EC0-301F-11D3-BF4B-00C04F79EFBC}") = "IfStatementsAndLoops", "IfStatementsAndForLoops\IfStatementsAndLoops.csproj", "{6548A66E-72BE-4D7D-B4E4-EECC2B9BA55C}"
EndProject
Global
	GlobalSection(SolutionConfigurationPlatforms) = preSolution
		Debug|Any CPU = Debug|Any CPU
		Release|Any CPU = Release|Any CPU
	EndGlobalSection
	GlobalSection(ProjectConfigurationPlatforms) = postSolution
		{6548A66E-72BE-4D7D-B4E4-EECC2B9BA55C}.Debug|Any CPU.ActiveCfg = Debug|Any CPU
		{6548A66E-72BE-4D7D-B4E4-EECC2B9BA55C}.Debug|Any CPU.Build.0 = Debug|Any CPU
		{6548A66E-72BE-4D7D-B4E4-EECC2B9BA55C}.Release|Any CPU.ActiveCfg = Release|Any CPU
		{6548A66E-72BE-4D7D-B4E4-EECC2B9BA55C}.Release|Any CPU.Build.0 = Release|Any CPU
	EndGlobalSection
	GlobalSection(SolutionProperties) = preSolution
		HideSolutionNode = FALSE
	EndGlobalSection
	GlobalSection(ExtensibilityGlobals) = postSolution
		SolutionGuid = {2263C045-ABB1-48F9-A98A-BCBE2E32D228}
	EndGlobalSection
EndGlobal
